
Microsoft Visual Studio Solution File, Format Version 12.00
# Visual Studio Version 17
VisualStudioVersion = 17.0.31903.59
MinimumVisualStudioVersion = 10.0.40219.1
Project("{FAE04EC0-301F-11D3-BF4B-00C04F79EFBC}") = "Gui", "Gui\Gui.csproj", "{E8F375F7-74DF-4386-A1E1-50ACB807107C}"
EndProject
Project("{FAE04EC0-301F-11D3-BF4B-00C04F79EFBC}") = "Models", "Models\Models.csproj", "{29A97EBB-B4D4-4320-9373-3EE0D86D45AB}"
EndProject
Project("{FAE04EC0-301F-11D3-BF4B-00C04F79EFBC}") = "Services", "Services\Services.csproj", "{AD6B9FC7-5094-4FBE-A2A2-15AF4D5CF8F1}"
EndProject
Global
	GlobalSection(SolutionConfigurationPlatforms) = preSolution
		Debug|Any CPU = Debug|Any CPU
		Release|Any CPU = Release|Any CPU
	EndGlobalSection
	GlobalSection(ProjectConfigurationPlatforms) = postSolution
		{E8F375F7-74DF-4386-A1E1-50ACB807107C}.Debug|Any CPU.ActiveCfg = Debug|Any CPU
		{E8F375F7-74DF-4386-A1E1-50ACB807107C}.Debug|Any CPU.Build.0 = Debug|Any CPU
		{E8F375F7-74DF-4386-A1E1-50ACB807107C}.Release|Any CPU.ActiveCfg = Release|Any CPU
		{E8F375F7-74DF-4386-A1E1-50ACB807107C}.Release|Any CPU.Build.0 = Release|Any CPU
		{29A97EBB-B4D4-4320-9373-3EE0D86D45AB}.Debug|Any CPU.ActiveCfg = Debug|Any CPU
		{29A97EBB-B4D4-4320-9373-3EE0D86D45AB}.Debug|Any CPU.Build.0 = Debug|Any CPU
		{29A97EBB-B4D4-4320-9373-3EE0D86D45AB}.Release|Any CPU.ActiveCfg = Release|Any CPU
		{29A97EBB-B4D4-4320-9373-3EE0D86D45AB}.Release|Any CPU.Build.0 = Release|Any CPU
		{AD6B9FC7-5094-4FBE-A2A2-15AF4D5CF8F1}.Debug|Any CPU.ActiveCfg = Debug|Any CPU
		{AD6B9FC7-5094-4FBE-A2A2-15AF4D5CF8F1}.Debug|Any CPU.Build.0 = Debug|Any CPU
		{AD6B9FC7-5094-4FBE-A2A2-15AF4D5CF8F1}.Release|Any CPU.ActiveCfg = Release|Any CPU
		{AD6B9FC7-5094-4FBE-A2A2-15AF4D5CF8F1}.Release|Any CPU.Build.0 = Release|Any CPU
	EndGlobalSection
	GlobalSection(SolutionProperties) = preSolution
		HideSolutionNode = FALSE
	EndGlobalSection
	GlobalSection(ExtensibilityGlobals) = postSolution
		SolutionGuid = {69D8DAA4-6F4A-4033-A8A9-1EB7BE9334C2}
	EndGlobalSection
EndGlobal
